// !$*UTF8*$!
{
	archiveVersion = 1;
	classes = {
	};
	objectVersion = 56;
	objects = {

/* Begin PBXBuildFile section */
		001 /* ServerMonitorApp.swift in Sources */ = {isa = PBXBuildFile; fileRef = 101 /* ServerMonitorApp.swift */; };
		002 /* Service.swift in Sources */ = {isa = PBXBuildFile; fileRef = 102 /* Service.swift */; };
		003 /* ServiceMonitor.swift in Sources */ = {isa = PBXBuildFile; fileRef = 103 /* ServiceMonitor.swift */; };
		004 /* MenuBarView.swift in Sources */ = {isa = PBXBuildFile; fileRef = 104 /* MenuBarView.swift */; };
		005 /* SettingsView.swift in Sources */ = {isa = PBXBuildFile; fileRef = 105 /* SettingsView.swift */; };
		006 /* ServiceWizardView.swift in Sources */ = {isa = PBXBuildFile; fileRef = 106 /* ServiceWizardView.swift */; };
		007 /* DarkmeshStatus.swift in Sources */ = {isa = PBXBuildFile; fileRef = 107 /* DarkmeshStatus.swift */; };
		008 /* DarkmeshStatusMonitor.swift in Sources */ = {isa = PBXBuildFile; fileRef = 108 /* DarkmeshStatusMonitor.swift */; };
		009 /* DarkmeshStatusView.swift in Sources */ = {isa = PBXBuildFile; fileRef = 109 /* DarkmeshStatusView.swift */; };
		010 /* WorkerStatusMonitor.swift in Sources */ = {isa = PBXBuildFile; fileRef = 110 /* WorkerStatusMonitor.swift */; };
		011 /* WorkerStatusView.swift in Sources */ = {isa = PBXBuildFile; fileRef = 111 /* WorkerStatusView.swift */; };
		012 /* LidSleepMonitor.swift in Sources */ = {isa = PBXBuildFile; fileRef = 112 /* LidSleepMonitor.swift */; };
		013 /* LidSleepView.swift in Sources */ = {isa = PBXBuildFile; fileRef = 113 /* LidSleepView.swift */; };
		014 /* TransferActions.swift in Sources */ = {isa = PBXBuildFile; fileRef = 114 /* TransferActions.swift */; };
		015 /* TransferBoardView.swift in Sources */ = {isa = PBXBuildFile; fileRef = 115 /* TransferBoardView.swift */; };
		016 /* ProcessRunner.swift in Sources */ = {isa = PBXBuildFile; fileRef = 116 /* ProcessRunner.swift */; };
		017 /* BackgroundServiceManager.swift in Sources */ = {isa = PBXBuildFile; fileRef = 117 /* BackgroundServiceManager.swift */; };
		018 /* main.swift in Sources */ = {isa = PBXBuildFile; fileRef = 118 /* main.swift */; };
		019 /* ProcessRunner.swift in InfrastructureAgent Sources */ = {isa = PBXBuildFile; fileRef = 116 /* ProcessRunner.swift */; };
		020 /* InfrastructureAgent in Embed Infrastructure Agent */ = {isa = PBXBuildFile; fileRef = 120 /* InfrastructureAgent */; settings = {ATTRIBUTES = (CodeSignOnCopy, ); }; };
		021 /* vision.salient.InfrastructureAgent.plist in Embed LaunchAgent */ = {isa = PBXBuildFile; fileRef = 119 /* vision.salient.InfrastructureAgent.plist */; };
		022 /* AppIcon.icns in Resources */ = {isa = PBXBuildFile; fileRef = 121 /* AppIcon.icns */; };
		023 /* ResourceGuardPolicy.swift in Sources */ = {isa = PBXBuildFile; fileRef = 122 /* ResourceGuardPolicy.swift */; };
		024 /* AppResourceGuard.swift in Sources */ = {isa = PBXBuildFile; fileRef = 123 /* AppResourceGuard.swift */; };
		0EDFDA6B94849FE8E8D3C91C /* VersionsView.swift in Sources */ = {isa = PBXBuildFile; fileRef = D921527967B8815AB855C1A7 /* VersionsView.swift */; };
		C40171492CB7DC60BB142D85 /* VersionMonitor.swift in Sources */ = {isa = PBXBuildFile; fileRef = 5D7DCC649615B7F19B76B2F2 /* VersionMonitor.swift */; };
/* End PBXBuildFile section */

/* Begin PBXContainerItemProxy section */
		900 /* PBXContainerItemProxy */ = {
			isa = PBXContainerItemProxy;
			containerPortal = 700 /* Project object */;
			proxyType = 1;
			remoteGlobalIDString = 401;
			remoteInfo = InfrastructureAgent;
		};
/* End PBXContainerItemProxy section */

/* Begin PBXCopyFilesBuildPhase section */
		502 /* Embed Infrastructure Agent */ = {
			isa = PBXCopyFilesBuildPhase;
			buildActionMask = 2147483647;
			dstPath = "";
			dstSubfolderSpec = 7;
			files = (
				020 /* InfrastructureAgent in Embed Infrastructure Agent */,
			);
			name = "Embed Infrastructure Agent";
			runOnlyForDeploymentPostprocessing = 0;
		};
		503 /* Embed LaunchAgent */ = {
			isa = PBXCopyFilesBuildPhase;
			buildActionMask = 2147483647;
			dstPath = Contents/Library/LaunchAgents;
			dstSubfolderSpec = 1;
			files = (
				021 /* vision.salient.InfrastructureAgent.plist in Embed LaunchAgent */,
			);
			name = "Embed LaunchAgent";
			runOnlyForDeploymentPostprocessing = 0;
		};
/* End PBXCopyFilesBuildPhase section */

/* Begin PBXFileReference section */
		100 /* ServerMonitor.app */ = {isa = PBXFileReference; explicitFileType = wrapper.application; includeInIndex = 0; path = ServerMonitor.app; sourceTree = BUILT_PRODUCTS_DIR; };
		101 /* ServerMonitorApp.swift */ = {isa = PBXFileReference; lastKnownFileType = sourcecode.swift; path = ServerMonitorApp.swift; sourceTree = "<group>"; };
		102 /* Service.swift */ = {isa = PBXFileReference; lastKnownFileType = sourcecode.swift; path = Service.swift; sourceTree = "<group>"; };
		103 /* ServiceMonitor.swift */ = {isa = PBXFileReference; lastKnownFileType = sourcecode.swift; path = ServiceMonitor.swift; sourceTree = "<group>"; };
		104 /* MenuBarView.swift */ = {isa = PBXFileReference; lastKnownFileType = sourcecode.swift; path = MenuBarView.swift; sourceTree = "<group>"; };
		105 /* SettingsView.swift */ = {isa = PBXFileReference; lastKnownFileType = sourcecode.swift; path = SettingsView.swift; sourceTree = "<group>"; };
		106 /* ServiceWizardView.swift */ = {isa = PBXFileReference; lastKnownFileType = sourcecode.swift; path = ServiceWizardView.swift; sourceTree = "<group>"; };
		107 /* DarkmeshStatus.swift */ = {isa = PBXFileReference; lastKnownFileType = sourcecode.swift; path = DarkmeshStatus.swift; sourceTree = "<group>"; };
		108 /* DarkmeshStatusMonitor.swift */ = {isa = PBXFileReference; lastKnownFileType = sourcecode.swift; path = DarkmeshStatusMonitor.swift; sourceTree = "<group>"; };
		109 /* DarkmeshStatusView.swift */ = {isa = PBXFileReference; lastKnownFileType = sourcecode.swift; path = DarkmeshStatusView.swift; sourceTree = "<group>"; };
		110 /* WorkerStatusMonitor.swift */ = {isa = PBXFileReference; lastKnownFileType = sourcecode.swift; path = WorkerStatusMonitor.swift; sourceTree = "<group>"; };
		111 /* WorkerStatusView.swift */ = {isa = PBXFileReference; lastKnownFileType = sourcecode.swift; path = WorkerStatusView.swift; sourceTree = "<group>"; };
		112 /* LidSleepMonitor.swift */ = {isa = PBXFileReference; lastKnownFileType = sourcecode.swift; path = LidSleepMonitor.swift; sourceTree = "<group>"; };
		113 /* LidSleepView.swift */ = {isa = PBXFileReference; lastKnownFileType = sourcecode.swift; path = LidSleepView.swift; sourceTree = "<group>"; };
		114 /* TransferActions.swift */ = {isa = PBXFileReference; lastKnownFileType = sourcecode.swift; path = TransferActions.swift; sourceTree = "<group>"; };
		115 /* TransferBoardView.swift */ = {isa = PBXFileReference; lastKnownFileType = sourcecode.swift; path = TransferBoardView.swift; sourceTree = "<group>"; };
		116 /* ProcessRunner.swift */ = {isa = PBXFileReference; lastKnownFileType = sourcecode.swift; path = ProcessRunner.swift; sourceTree = "<group>"; };
		117 /* BackgroundServiceManager.swift */ = {isa = PBXFileReference; lastKnownFileType = sourcecode.swift; path = BackgroundServiceManager.swift; sourceTree = "<group>"; };
		118 /* main.swift */ = {isa = PBXFileReference; lastKnownFileType = sourcecode.swift; path = main.swift; sourceTree = "<group>"; };
		119 /* vision.salient.InfrastructureAgent.plist */ = {isa = PBXFileReference; lastKnownFileType = text.plist.xml; path = vision.salient.InfrastructureAgent.plist; sourceTree = "<group>"; };
		120 /* InfrastructureAgent */ = {isa = PBXFileReference; explicitFileType = "compiled.mach-o.executable"; includeInIndex = 0; path = InfrastructureAgent; sourceTree = BUILT_PRODUCTS_DIR; };
		121 /* AppIcon.icns */ = {isa = PBXFileReference; lastKnownFileType = image.icns; path = ../../AppIcon.icns; sourceTree = "<group>"; };
		122 /* ResourceGuardPolicy.swift */ = {isa = PBXFileReference; lastKnownFileType = sourcecode.swift; path = ResourceGuardPolicy.swift; sourceTree = "<group>"; };
		123 /* AppResourceGuard.swift */ = {isa = PBXFileReference; lastKnownFileType = sourcecode.swift; path = AppResourceGuard.swift; sourceTree = "<group>"; };
		5D7DCC649615B7F19B76B2F2 /* VersionMonitor.swift */ = {isa = PBXFileReference; includeInIndex = 1; lastKnownFileType = sourcecode.swift; path = VersionMonitor.swift; sourceTree = "<group>"; };
		D921527967B8815AB855C1A7 /* VersionsView.swift */ = {isa = PBXFileReference; includeInIndex = 1; lastKnownFileType = sourcecode.swift; path = VersionsView.swift; sourceTree = "<group>"; };
/* End PBXFileReference section */

/* Begin PBXFrameworksBuildPhase section */
		200 /* Frameworks */ = {
			isa = PBXFrameworksBuildPhase;
			buildActionMask = 2147483647;
			files = (
			);
			runOnlyForDeploymentPostprocessing = 0;
		};
		201 /* InfrastructureAgent Frameworks */ = {
			isa = PBXFrameworksBuildPhase;
			buildActionMask = 2147483647;
			files = (
			);
			runOnlyForDeploymentPostprocessing = 0;
		};
/* End PBXFrameworksBuildPhase section */

/* Begin PBXGroup section */
		300 = {
			isa = PBXGroup;
			children = (
				301 /* ServerMonitor */,
				307 /* InfrastructureAgent */,
				308 /* Resources */,
				302 /* Products */,
			);
			sourceTree = "<group>";
		};
		301 /* ServerMonitor */ = {
			isa = PBXGroup;
			children = (
				101 /* ServerMonitorApp.swift */,
				117 /* BackgroundServiceManager.swift */,
				303 /* Models */,
				304 /* ViewModels */,
				305 /* Views */,
				306 /* Support */,
			);
			path = ServerMonitor;
			sourceTree = "<group>";
		};
		302 /* Products */ = {
			isa = PBXGroup;
			children = (
				100 /* ServerMonitor.app */,
				120 /* InfrastructureAgent */,
			);
			name = Products;
			sourceTree = "<group>";
		};
		303 /* Models */ = {
			isa = PBXGroup;
			children = (
				102 /* Service.swift */,
				107 /* DarkmeshStatus.swift */,
			);
			path = Models;
			sourceTree = "<group>";
		};
		304 /* ViewModels */ = {
			isa = PBXGroup;
			children = (
				103 /* ServiceMonitor.swift */,
				108 /* DarkmeshStatusMonitor.swift */,
				110 /* WorkerStatusMonitor.swift */,
				112 /* LidSleepMonitor.swift */,
				114 /* TransferActions.swift */,
				5D7DCC649615B7F19B76B2F2 /* VersionMonitor.swift */,
			);
			path = ViewModels;
			sourceTree = "<group>";
		};
		305 /* Views */ = {
			isa = PBXGroup;
			children = (
				104 /* MenuBarView.swift */,
				105 /* SettingsView.swift */,
				106 /* ServiceWizardView.swift */,
				109 /* DarkmeshStatusView.swift */,
				111 /* WorkerStatusView.swift */,
				113 /* LidSleepView.swift */,
				115 /* TransferBoardView.swift */,
				D921527967B8815AB855C1A7 /* VersionsView.swift */,
			);
			path = Views;
			sourceTree = "<group>";
		};
		306 /* Support */ = {
			isa = PBXGroup;
			children = (
				116 /* ProcessRunner.swift */,
				122 /* ResourceGuardPolicy.swift */,
				123 /* AppResourceGuard.swift */,
			);
			path = Support;
			sourceTree = "<group>";
		};
		307 /* InfrastructureAgent */ = {
			isa = PBXGroup;
			children = (
				118 /* main.swift */,
			);
			path = InfrastructureAgent;
			sourceTree = "<group>";
		};
		308 /* Resources */ = {
			isa = PBXGroup;
			children = (
				119 /* vision.salient.InfrastructureAgent.plist */,
				121 /* AppIcon.icns */,
			);
			path = Resources;
			sourceTree = "<group>";
		};
/* End PBXGroup section */

/* Begin PBXNativeTarget section */
		400 /* ServerMonitor */ = {
			isa = PBXNativeTarget;
			buildConfigurationList = 600 /* Build configuration list for PBXNativeTarget "ServerMonitor" */;
			buildPhases = (
				500 /* Sources */,
				200 /* Frameworks */,
				504 /* Resources */,
				502 /* Embed Infrastructure Agent */,
				503 /* Embed LaunchAgent */,
			);
			buildRules = (
			);
			dependencies = (
				901 /* PBXTargetDependency */,
			);
			name = ServerMonitor;
			productName = ServerMonitor;
			productReference = 100 /* ServerMonitor.app */;
			productType = "com.apple.product-type.application";
		};
		401 /* InfrastructureAgent */ = {
			isa = PBXNativeTarget;
			buildConfigurationList = 601 /* Build configuration list for PBXNativeTarget "InfrastructureAgent" */;
			buildPhases = (
				501 /* InfrastructureAgent Sources */,
				201 /* InfrastructureAgent Frameworks */,
			);
			buildRules = (
			);
			dependencies = (
			);
			name = InfrastructureAgent;
			productName = InfrastructureAgent;
			productReference = 120 /* InfrastructureAgent */;
			productType = "com.apple.product-type.tool";
		};
/* End PBXNativeTarget section */

/* Begin PBXProject section */
		700 /* Project object */ = {
			isa = PBXProject;
			attributes = {
				BuildIndependentTargetsInParallel = 1;
				LastSwiftUpdateCheck = 1500;
				LastUpgradeCheck = 1500;
				TargetAttributes = {
					400 = {
						CreatedOnToolsVersion = 15.0;
					};
					401 = {
						CreatedOnToolsVersion = 15.0;
					};
				};
			};
			buildConfigurationList = 701 /* Build configuration list for PBXProject "ServerMonitor" */;
			compatibilityVersion = "Xcode 14.0";
			developmentRegion = en;
			hasScannedForEncodings = 0;
			knownRegions = (
				en,
				Base,
			);
			mainGroup = 300;
			productRefGroup = 302 /* Products */;
			projectDirPath = "";
			projectRoot = "";
			targets = (
				400 /* ServerMonitor */,
				401 /* InfrastructureAgent */,
			);
		};
/* End PBXProject section */

/* Begin PBXResourcesBuildPhase section */
		504 /* Resources */ = {
			isa = PBXResourcesBuildPhase;
			buildActionMask = 2147483647;
			files = (
				022 /* AppIcon.icns in Resources */,
			);
			runOnlyForDeploymentPostprocessing = 0;
		};
/* End PBXResourcesBuildPhase section */

/* Begin PBXSourcesBuildPhase section */
		500 /* Sources */ = {
			isa = PBXSourcesBuildPhase;
			buildActionMask = 2147483647;
			files = (
				001 /* ServerMonitorApp.swift in Sources */,
				002 /* Service.swift in Sources */,
				003 /* ServiceMonitor.swift in Sources */,
				004 /* MenuBarView.swift in Sources */,
				005 /* SettingsView.swift in Sources */,
				006 /* ServiceWizardView.swift in Sources */,
				007 /* DarkmeshStatus.swift in Sources */,
				008 /* DarkmeshStatusMonitor.swift in Sources */,
				009 /* DarkmeshStatusView.swift in Sources */,
				010 /* WorkerStatusMonitor.swift in Sources */,
				011 /* WorkerStatusView.swift in Sources */,
				012 /* LidSleepMonitor.swift in Sources */,
				013 /* LidSleepView.swift in Sources */,
				014 /* TransferActions.swift in Sources */,
				015 /* TransferBoardView.swift in Sources */,
				016 /* ProcessRunner.swift in Sources */,
				017 /* BackgroundServiceManager.swift in Sources */,
				023 /* ResourceGuardPolicy.swift in Sources */,
				024 /* AppResourceGuard.swift in Sources */,
				C40171492CB7DC60BB142D85 /* VersionMonitor.swift in Sources */,
				0EDFDA6B94849FE8E8D3C91C /* VersionsView.swift in Sources */,
			);
			runOnlyForDeploymentPostprocessing = 0;
		};
		501 /* InfrastructureAgent Sources */ = {
			isa = PBXSourcesBuildPhase;
			buildActionMask = 2147483647;
			files = (
				018 /* main.swift in Sources */,
				019 /* ProcessRunner.swift in InfrastructureAgent Sources */,
			);
			runOnlyForDeploymentPostprocessing = 0;
		};
/* End PBXSourcesBuildPhase section */

/* Begin PBXTargetDependency section */
		901 /* PBXTargetDependency */ = {
			isa = PBXTargetDependency;
			target = 401 /* InfrastructureAgent */;
			targetProxy = 900 /* PBXContainerItemProxy */;
		};
/* End PBXTargetDependency section */

/* Begin XCBuildConfiguration section */
		800 /* Debug */ = {
			isa = XCBuildConfiguration;
			buildSettings = {
				ALWAYS_SEARCH_USER_PATHS = NO;
				ASSETCATALOG_COMPILER_GENERATE_SWIFT_ASSET_SYMBOL_EXTENSIONS = YES;
				CLANG_ANALYZER_NONNULL = YES;
				CLANG_ANALYZER_NUMBER_OBJECT_CONVERSION = YES_AGGRESSIVE;
				CLANG_CXX_LANGUAGE_STANDARD = "gnu++20";
				CLANG_ENABLE_MODULES = YES;
				CLANG_ENABLE_OBJC_ARC = YES;
				CLANG_ENABLE_OBJC_WEAK = YES;
				CLANG_WARN_BLOCK_CAPTURE_AUTORELEASING = YES;
				CLANG_WARN_BOOL_CONVERSION = YES;
				CLANG_WARN_COMMA = YES;
				CLANG_WARN_CONSTANT_CONVERSION = YES;
				CLANG_WARN_DEPRECATED_OBJC_IMPLEMENTATIONS = YES;
				CLANG_WARN_DIRECT_OBJC_ISA_USAGE = YES_ERROR;
				CLANG_WARN_DOCUMENTATION_COMMENTS = YES;
				CLANG_WARN_EMPTY_BODY = YES;
				CLANG_WARN_ENUM_CONVERSION = YES;
				CLANG_WARN_INFINITE_RECURSION = YES;
				CLANG_WARN_INT_CONVERSION = YES;
				CLANG_WARN_NON_LITERAL_NULL_CONVERSION = YES;
				CLANG_WARN_OBJC_IMPLICIT_RETAIN_SELF = YES;
				CLANG_WARN_OBJC_LITERAL_CONVERSION = YES;
				CLANG_WARN_OBJC_ROOT_CLASS = YES_ERROR;
				CLANG_WARN_QUOTED_INCLUDE_IN_FRAMEWORK_HEADER = YES;
				CLANG_WARN_RANGE_LOOP_ANALYSIS = YES;
				CLANG_WARN_STRICT_PROTOTYPES = YES;
				CLANG_WARN_SUSPICIOUS_MOVE = YES;
				CLANG_WARN_UNGUARDED_AVAILABILITY = YES_AGGRESSIVE;
				CLANG_WARN_UNREACHABLE_CODE = YES;
				CLANG_WARN__DUPLICATE_METHOD_MATCH = YES;
				COPY_PHASE_STRIP = NO;
				DEBUG_INFORMATION_FORMAT = dwarf;
				ENABLE_STRICT_OBJC_MSGSEND = YES;
				ENABLE_TESTABILITY = YES;
				ENABLE_USER_SCRIPT_SANDBOXING = YES;
				GCC_C_LANGUAGE_STANDARD = gnu17;
				GCC_DYNAMIC_NO_PIC = NO;
				GCC_NO_COMMON_BLOCKS = YES;
				GCC_OPTIMIZATION_LEVEL = 0;
				GCC_PREPROCESSOR_DEFINITIONS = (
					"DEBUG=1",
					"$(inherited)",
				);
				GCC_WARN_64_TO_32_BIT_CONVERSION = YES;
				GCC_WARN_ABOUT_RETURN_TYPE = YES_ERROR;
				GCC_WARN_UNDECLARED_SELECTOR = YES;
				GCC_WARN_UNINITIALIZED_AUTOS = YES_AGGRESSIVE;
				GCC_WARN_UNUSED_FUNCTION = YES;
				GCC_WARN_UNUSED_VARIABLE = YES;
				LOCALIZATION_PREFERS_STRING_CATALOGS = YES;
				MACOSX_DEPLOYMENT_TARGET = 13.0;
				MTL_ENABLE_DEBUG_INFO = INCLUDE_SOURCE;
				MTL_FAST_MATH = YES;
				ONLY_ACTIVE_ARCH = YES;
				SDKROOT = macosx;
				SWIFT_ACTIVE_COMPILATION_CONDITIONS = "DEBUG $(inherited)";
				SWIFT_OPTIMIZATION_LEVEL = "-Onone";
			};
			name = Debug;
		};
		801 /* Release */ = {
			isa = XCBuildConfiguration;
			buildSettings = {
				ALWAYS_SEARCH_USER_PATHS = NO;
				ASSETCATALOG_COMPILER_GENERATE_SWIFT_ASSET_SYMBOL_EXTENSIONS = YES;
				CLANG_ANALYZER_NONNULL = YES;
				CLANG_ANALYZER_NUMBER_OBJECT_CONVERSION = YES_AGGRESSIVE;
				CLANG_CXX_LANGUAGE_STANDARD = "gnu++20";
				CLANG_ENABLE_MODULES = YES;
				CLANG_ENABLE_OBJC_ARC = YES;
				CLANG_ENABLE_OBJC_WEAK = YES;
				CLANG_WARN_BLOCK_CAPTURE_AUTORELEASING = YES;
				CLANG_WARN_BOOL_CONVERSION = YES;
				CLANG_WARN_COMMA = YES;
				CLANG_WARN_CONSTANT_CONVERSION = YES;
				CLANG_WARN_DEPRECATED_OBJC_IMPLEMENTATIONS = YES;
				CLANG_WARN_DIRECT_OBJC_ISA_USAGE = YES_ERROR;
				CLANG_WARN_DOCUMENTATION_COMMENTS = YES;
				CLANG_WARN_EMPTY_BODY = YES;
				CLANG_WARN_ENUM_CONVERSION = YES;
				CLANG_WARN_INFINITE_RECURSION = YES;
				CLANG_WARN_INT_CONVERSION = YES;
				CLANG_WARN_NON_LITERAL_NULL_CONVERSION = YES;
				CLANG_WARN_OBJC_IMPLICIT_RETAIN_SELF = YES;
				CLANG_WARN_OBJC_LITERAL_CONVERSION = YES;
				CLANG_WARN_OBJC_ROOT_CLASS = YES_ERROR;
				CLANG_WARN_QUOTED_INCLUDE_IN_FRAMEWORK_HEADER = YES;
				CLANG_WARN_RANGE_LOOP_ANALYSIS = YES;
				CLANG_WARN_STRICT_PROTOTYPES = YES;
				CLANG_WARN_SUSPICIOUS_MOVE = YES;
				CLANG_WARN_UNGUARDED_AVAILABILITY = YES_AGGRESSIVE;
				CLANG_WARN_UNREACHABLE_CODE = YES;
				CLANG_WARN__DUPLICATE_METHOD_MATCH = YES;
				COPY_PHASE_STRIP = NO;
				DEBUG_INFORMATION_FORMAT = "dwarf-with-dsym";
				ENABLE_NS_ASSERTIONS = NO;
				ENABLE_STRICT_OBJC_MSGSEND = YES;
				ENABLE_USER_SCRIPT_SANDBOXING = YES;
				GCC_C_LANGUAGE_STANDARD = gnu17;
				GCC_NO_COMMON_BLOCKS = YES;
				GCC_WARN_64_TO_32_BIT_CONVERSION = YES;
				GCC_WARN_ABOUT_RETURN_TYPE = YES_ERROR;
				GCC_WARN_UNDECLARED_SELECTOR = YES;
				GCC_WARN_UNINITIALIZED_AUTOS = YES_AGGRESSIVE;
				GCC_WARN_UNUSED_FUNCTION = YES;
				GCC_WARN_UNUSED_VARIABLE = YES;
				LOCALIZATION_PREFERS_STRING_CATALOGS = YES;
				MACOSX_DEPLOYMENT_TARGET = 13.0;
				MTL_ENABLE_DEBUG_INFO = NO;
				MTL_FAST_MATH = YES;
				SDKROOT = macosx;
				SWIFT_COMPILATION_MODE = wholemodule;
			};
			name = Release;
		};
		802 /* Debug */ = {
			isa = XCBuildConfiguration;
			buildSettings = {
				CODE_SIGN_ENTITLEMENTS = "";
				CODE_SIGN_STYLE = Automatic;
				COMBINE_HIDPI_IMAGES = YES;
				CURRENT_PROJECT_VERSION = 15;
				DEVELOPMENT_TEAM = 44SCLSYCZZ;
				ENABLE_HARDENED_RUNTIME = YES;
				GENERATE_INFOPLIST_FILE = YES;
				INFOPLIST_KEY_LSApplicationCategoryType = "public.app-category.utilities";
				INFOPLIST_KEY_CFBundleIconFile = AppIcon;
				INFOPLIST_KEY_LSUIElement = YES;
				INFOPLIST_KEY_NSHumanReadableCopyright = "";
				LD_RUNPATH_SEARCH_PATHS = (
					"$(inherited)",
					"@executable_path/../Frameworks",
				);
				MARKETING_VERSION = 1.1.0;
				PRODUCT_BUNDLE_IDENTIFIER = vision.salient.ServerMonitor;
				PRODUCT_NAME = "$(TARGET_NAME)";
				SWIFT_EMIT_LOC_STRINGS = YES;
				SWIFT_VERSION = 5.0;
			};
			name = Debug;
		};
		803 /* Release */ = {
			isa = XCBuildConfiguration;
			buildSettings = {
				CODE_SIGN_ENTITLEMENTS = "";
				CODE_SIGN_STYLE = Automatic;
				COMBINE_HIDPI_IMAGES = YES;
				CURRENT_PROJECT_VERSION = 15;
				DEVELOPMENT_TEAM = 44SCLSYCZZ;
				ENABLE_HARDENED_RUNTIME = YES;
				GENERATE_INFOPLIST_FILE = YES;
				INFOPLIST_KEY_LSApplicationCategoryType = "public.app-category.utilities";
				INFOPLIST_KEY_CFBundleIconFile = AppIcon;
				INFOPLIST_KEY_LSUIElement = YES;
				INFOPLIST_KEY_NSHumanReadableCopyright = "";
				LD_RUNPATH_SEARCH_PATHS = (
					"$(inherited)",
					"@executable_path/../Frameworks",
				);
				MARKETING_VERSION = 1.1.0;
				PRODUCT_BUNDLE_IDENTIFIER = vision.salient.ServerMonitor;
				PRODUCT_NAME = "$(TARGET_NAME)";
				SWIFT_EMIT_LOC_STRINGS = YES;
				SWIFT_VERSION = 5.0;
			};
			name = Release;
		};
		804 /* InfrastructureAgent Debug */ = {
			isa = XCBuildConfiguration;
			buildSettings = {
				CODE_SIGN_STYLE = Automatic;
				CREATE_INFOPLIST_SECTION_IN_BINARY = YES;
				CURRENT_PROJECT_VERSION = 15;
				DEVELOPMENT_TEAM = 44SCLSYCZZ;
				ENABLE_HARDENED_RUNTIME = YES;
				GENERATE_INFOPLIST_FILE = YES;
				INFOPLIST_KEY_CFBundleDisplayName = "Server Monitor Infrastructure Agent";
				MACOSX_DEPLOYMENT_TARGET = 13.0;
				MARKETING_VERSION = 1.1.0;
				PRODUCT_BUNDLE_IDENTIFIER = vision.salient.InfrastructureAgent;
				PRODUCT_NAME = "$(TARGET_NAME)";
				SKIP_INSTALL = YES;
				SWIFT_VERSION = 5.0;
			};
			name = Debug;
		};
		805 /* InfrastructureAgent Release */ = {
			isa = XCBuildConfiguration;
			buildSettings = {
				CODE_SIGN_STYLE = Automatic;
				CREATE_INFOPLIST_SECTION_IN_BINARY = YES;
				CURRENT_PROJECT_VERSION = 15;
				DEVELOPMENT_TEAM = 44SCLSYCZZ;
				ENABLE_HARDENED_RUNTIME = YES;
				GENERATE_INFOPLIST_FILE = YES;
				INFOPLIST_KEY_CFBundleDisplayName = "Server Monitor Infrastructure Agent";
				MACOSX_DEPLOYMENT_TARGET = 13.0;
				MARKETING_VERSION = 1.1.0;
				PRODUCT_BUNDLE_IDENTIFIER = vision.salient.InfrastructureAgent;
				PRODUCT_NAME = "$(TARGET_NAME)";
				SKIP_INSTALL = YES;
				SWIFT_VERSION = 5.0;
			};
			name = Release;
		};
/* End XCBuildConfiguration section */

/* Begin XCConfigurationList section */
		600 /* Build configuration list for PBXNativeTarget "ServerMonitor" */ = {
			isa = XCConfigurationList;
			buildConfigurations = (
				802 /* Debug */,
				803 /* Release */,
			);
			defaultConfigurationIsVisible = 0;
			defaultConfigurationName = Release;
		};
		601 /* Build configuration list for PBXNativeTarget "InfrastructureAgent" */ = {
			isa = XCConfigurationList;
			buildConfigurations = (
				804 /* InfrastructureAgent Debug */,
				805 /* InfrastructureAgent Release */,
			);
			defaultConfigurationIsVisible = 0;
			defaultConfigurationName = Release;
		};
		701 /* Build configuration list for PBXProject "ServerMonitor" */ = {
			isa = XCConfigurationList;
			buildConfigurations = (
				800 /* Debug */,
				801 /* Release */,
			);
			defaultConfigurationIsVisible = 0;
			defaultConfigurationName = Release;
		};
/* End XCConfigurationList section */
	};
	rootObject = 700 /* Project object */;
}
